// !$*UTF8*$!
{
	archiveVersion = 1;
	classes = {
	};
	objectVersion = 46;
	objects = {

/* Begin PBXBuildFile section */
		75BFAA4F1DCA78EC00C1681C /* AppDelegate.swift in Sources */ = {isa = PBXBuildFile; fileRef = 75BFAA4E1DCA78EC00C1681C /* AppDelegate.swift */; };
		75BFAA511DCA78EC00C1681C /* FaceViewController.swift in Sources */ = {isa = PBXBuildFile; fileRef = 75BFAA501DCA78EC00C1681C /* FaceViewController.swift */; };
		75BFAA541DCA78EC00C1681C /* Main.storyboard in Resources */ = {isa = PBXBuildFile; fileRef = 75BFAA521DCA78EC00C1681C /* Main.storyboard */; };
		75BFAA561DCA78EC00C1681C /* Assets.xcassets in Resources */ = {isa = PBXBuildFile; fileRef = 75BFAA551DCA78EC00C1681C /* Assets.xcassets */; };
		75BFAA591DCA78EC00C1681C /* LaunchScreen.storyboard in Resources */ = {isa = PBXBuildFile; fileRef = 75BFAA571DCA78EC00C1681C /* LaunchScreen.storyboard */; };
		75BFAA621DCA7AAA00C1681C /* FaceView.swift in Sources */ = {isa = PBXBuildFile; fileRef = 75BFAA611DCA7AAA00C1681C /* FaceView.swift */; };
		75BFAA671DCD159B00C1681C /* FacialExpression.swift in Sources */ = {isa = PBXBuildFile; fileRef = 75BFAA661DCD159B00C1681C /* FacialExpression.swift */; };
/* End PBXBuildFile section */

/* Begin PBXFileReference section */
		75BFAA4B1DCA78EC00C1681C /* FaceView.app */ = {isa = PBXFileReference; explicitFileType = wrapper.application; includeInIndex = 0; path = FaceView.app; sourceTree = BUILT_PRODUCTS_DIR; };
		75BFAA4E1DCA78EC00C1681C /* AppDelegate.swift */ = {isa = PBXFileReference; lastKnownFileType = sourcecode.swift; path = AppDelegate.swift; sourceTree = "<group>"; };
		75BFAA501DCA78EC00C1681C /* FaceViewController.swift */ = {isa = PBXFileReference; lastKnownFileType = sourcecode.swift; path = FaceViewController.swift; sourceTree = "<group>"; };
		75BFAA531DCA78EC00C1681C /* Base */ = {isa = PBXFileReference; lastKnownFileType = file.storyboard; name = Base; path = Base.lproj/Main.storyboard; sourceTree = "<group>"; };
		75BFAA551DCA78EC00C1681C /* Assets.xcassets */ = {isa = PBXFileReference; lastKnownFileType = folder.assetcatalog; path = Assets.xcassets; sourceTree = "<group>"; };
		75BFAA581DCA78EC00C1681C /* Base */ = {isa = PBXFileReference; lastKnownFileType = file.storyboard; name = Base; path = Base.lproj/LaunchScreen.storyboard; sourceTree = "<group>"; };
		75BFAA5A1DCA78EC00C1681C /* Info.plist */ = {isa = PBXFileReference; lastKnownFileType = text.plist.xml; path = Info.plist; sourceTree = "<group>"; };
		75BFAA611DCA7AAA00C1681C /* FaceView.swift */ = {isa = PBXFileReference; fileEncoding = 4; lastKnownFileType = sourcecode.swift; path = FaceView.swift; sourceTree = "<group>"; };
		75BFAA661DCD159B00C1681C /* FacialExpression.swift */ = {isa = PBXFileReference; fileEncoding = 4; lastKnownFileType = sourcecode.swift; path = FacialExpression.swift; sourceTree = "<group>"; };
/* End PBXFileReference section */

/* Begin PBXFrameworksBuildPhase section */
		75BFAA481DCA78EC00C1681C /* Frameworks */ = {
			isa = PBXFrameworksBuildPhase;
			buildActionMask = 2147483647;
			files = (
			);
			runOnlyForDeploymentPostprocessing = 0;
		};
/* End PBXFrameworksBuildPhase section */

/* Begin PBXGroup section */
		75BFAA421DCA78EC00C1681C = {
			isa = PBXGroup;
			children = (
				75BFAA4D1DCA78EC00C1681C /* FaceView */,
				75BFAA4C1DCA78EC00C1681C /* Products */,
			);
			sourceTree = "<group>";
		};
		75BFAA4C1DCA78EC00C1681C /* Products */ = {
			isa = PBXGroup;
			children = (
				75BFAA4B1DCA78EC00C1681C /* FaceView.app */,
			);
			name = Products;
			sourceTree = "<group>";
		};
		75BFAA4D1DCA78EC00C1681C /* FaceView */ = {
			isa = PBXGroup;
			children = (
				75BFAA601DCA795000C1681C /* Supporting Files */,
				75BFAA501DCA78EC00C1681C /* FaceViewController.swift */,
				75BFAA661DCD159B00C1681C /* FacialExpression.swift */,
				75BFAA611DCA7AAA00C1681C /* FaceView.swift */,
				75BFAA521DCA78EC00C1681C /* Main.storyboard */,
			);
			path = FaceView;
			sourceTree = "<group>";
		};
		75BFAA601DCA795000C1681C /* Supporting Files */ = {
			isa = PBXGroup;
			children = (
				75BFAA4E1DCA78EC00C1681C /* AppDelegate.swift */,
				75BFAA551DCA78EC00C1681C /* Assets.xcassets */,
				75BFAA571DCA78EC00C1681C /* LaunchScreen.storyboard */,
				75BFAA5A1DCA78EC00C1681C /* Info.plist */,
			);
			name = "Supporting Files";
			sourceTree = "<group>";
		};
/* End PBXGroup section */

/* Begin PBXNativeTarget section */
		75BFAA4A1DCA78EC00C1681C /* FaceView */ = {
			isa = PBXNativeTarget;
			buildConfigurationList = 75BFAA5D1DCA78EC00C1681C /* Build configuration list for PBXNativeTarget "FaceView" */;
			buildPhases = (
				75BFAA471DCA78EC00C1681C /* Sources */,
				75BFAA481DCA78EC00C1681C /* Frameworks */,
				75BFAA491DCA78EC00C1681C /* Resources */,
			);
			buildRules = (
			);
			dependencies = (
			);
			name = FaceView;
			productName = FaceView;
			productReference = 75BFAA4B1DCA78EC00C1681C /* FaceView.app */;
			productType = "com.apple.product-type.application";
		};
/* End PBXNativeTarget section */

/* Begin PBXProject section */
		75BFAA431DCA78EC00C1681C /* Project object */ = {
			isa = PBXProject;
			attributes = {
				LastSwiftUpdateCheck = 0800;
				LastUpgradeCheck = 0800;
				ORGANIZATIONNAME = "Hao WU";
				TargetAttributes = {
					75BFAA4A1DCA78EC00C1681C = {
						CreatedOnToolsVersion = 8.0;
						ProvisioningStyle = Automatic;
					};
				};
			};
			buildConfigurationList = 75BFAA461DCA78EC00C1681C /* Build configuration list for PBXProject "FaceView" */;
			compatibilityVersion = "Xcode 3.2";
			developmentRegion = English;
			hasScannedForEncodings = 0;
			knownRegions = (
				en,
				Base,
			);
			mainGroup = 75BFAA421DCA78EC00C1681C;
			productRefGroup = 75BFAA4C1DCA78EC00C1681C /* Products */;
			projectDirPath = "";
			projectRoot = "";
			targets = (
				75BFAA4A1DCA78EC00C1681C /* FaceView */,
			);
		};
/* End PBXProject section */

/* Begin PBXResourcesBuildPhase section */
		75BFAA491DCA78EC00C1681C /* Resources */ = {
			isa = PBXResourcesBuildPhase;
			buildActionMask = 2147483647;
			files = (
				75BFAA591DCA78EC00C1681C /* LaunchScreen.storyboard in Resources */,
				75BFAA561DCA78EC00C1681C /* Assets.xcassets in Resources */,
				75BFAA541DCA78EC00C1681C /* Main.storyboard in Resources */,
			);
			runOnlyForDeploymentPostprocessing = 0;
		};
/* End PBXResourcesBuildPhase section */

/* Begin PBXSourcesBuildPhase section */
		75BFAA471DCA78EC00C1681C /* Sources */ = {
			isa = PBXSourcesBuildPhase;
			buildActionMask = 2147483647;
			files = (
				75BFAA511DCA78EC00C1681C /* FaceViewController.swift in Sources */,
				75BFAA671DCD159B00C1681C /* FacialExpression.swift in Sources */,
				75BFAA4F1DCA78EC00C1681C /* AppDelegate.swift in Sources */,
				75BFAA621DCA7AAA00C1681C /* FaceView.swift in Sources */,
			);
			runOnlyForDeploymentPostprocessing = 0;
		};
/* End PBXSourcesBuildPhase section */

/* Begin PBXVariantGroup section */
		75BFAA521DCA78EC00C1681C /* Main.storyboard */ = {
			isa = PBXVariantGroup;
			children = (
				75BFAA531DCA78EC00C1681C /* Base */,
			);
			name = Main.storyboard;
			sourceTree = "<group>";
		};
		75BFAA571DCA78EC00C1681C /* LaunchScreen.storyboard */ = {
			isa = PBXVariantGroup;
			children = (
				75BFAA581DCA78EC00C1681C /* Base */,
			);
			name = LaunchScreen.storyboard;
			sourceTree = "<group>";
		};
/* End PBXVariantGroup section */

/* Begin XCBuildConfiguration section */
		75BFAA5B1DCA78EC00C1681C /* Debug */ = {
			isa = XCBuildConfiguration;
			buildSettings = {
				ALWAYS_SEARCH_USER_PATHS = NO;
				CLANG_ANALYZER_NONNULL = YES;
				CLANG_CXX_LANGUAGE_STANDARD = "gnu++0x";
				CLANG_CXX_LIBRARY = "libc++";
				CLANG_ENABLE_MODULES = YES;
				CLANG_ENABLE_OBJC_ARC = YES;
				CLANG_WARN_BOOL_CONVERSION = YES;
				CLANG_WARN_CONSTANT_CONVERSION = YES;
				CLANG_WARN_DIRECT_OBJC_ISA_USAGE = YES_ERROR;
				CLANG_WARN_DOCUMENTATION_COMMENTS = YES;
				CLANG_WARN_EMPTY_BODY = YES;
				CLANG_WARN_ENUM_CONVERSION = YES;
				CLANG_WARN_INFINITE_RECURSION = YES;
				CLANG_WARN_INT_CONVERSION = YES;
				CLANG_WARN_OBJC_ROOT_CLASS = YES_ERROR;
				CLANG_WARN_SUSPICIOUS_MOVES = YES;
				CLANG_WARN_UNREACHABLE_CODE = YES;
				CLANG_WARN__DUPLICATE_METHOD_MATCH = YES;
				"CODE_SIGN_IDENTITY[sdk=iphoneos*]" = "iPhone Developer";
				COPY_PHASE_STRIP = NO;
				DEBUG_INFORMATION_FORMAT = dwarf;
				ENABLE_STRICT_OBJC_MSGSEND = YES;
				ENABLE_TESTABILITY = YES;
				GCC_C_LANGUAGE_STANDARD = gnu99;
				GCC_DYNAMIC_NO_PIC = NO;
				GCC_NO_COMMON_BLOCKS = YES;
				GCC_OPTIMIZATION_LEVEL = 0;
				GCC_PREPROCESSOR_DEFINITIONS = (
					"DEBUG=1",
					"$(inherited)",
				);
				GCC_WARN_64_TO_32_BIT_CONVERSION = YES;
				GCC_WARN_ABOUT_RETURN_TYPE = YES_ERROR;
				GCC_WARN_UNDECLARED_SELECTOR = YES;
				GCC_WARN_UNINITIALIZED_AUTOS = YES_AGGRESSIVE;
				GCC_WARN_UNUSED_FUNCTION = YES;
				GCC_WARN_UNUSED_VARIABLE = YES;
				IPHONEOS_DEPLOYMENT_TARGET = 10.0;
				MTL_ENABLE_DEBUG_INFO = YES;
				ONLY_ACTIVE_ARCH = YES;
				SDKROOT = iphoneos;
				SWIFT_ACTIVE_COMPILATION_CONDITIONS = DEBUG;
				SWIFT_OPTIMIZATION_LEVEL = "-Onone";
				TARGETED_DEVICE_FAMILY = "1,2";
			};
			name = Debug;
		};
		75BFAA5C1DCA78EC00C1681C /* Release */ = {
			isa = XCBuildConfiguration;
			buildSettings = {
				ALWAYS_SEARCH_USER_PATHS = NO;
				CLANG_ANALYZER_NONNULL = YES;
				CLANG_CXX_LANGUAGE_STANDARD = "gnu++0x";
				CLANG_CXX_LIBRARY = "libc++";
				CLANG_ENABLE_MODULES = YES;
				CLANG_ENABLE_OBJC_ARC = YES;
				CLANG_WARN_BOOL_CONVERSION = YES;
				CLANG_WARN_CONSTANT_CONVERSION = YES;
				CLANG_WARN_DIRECT_OBJC_ISA_USAGE = YES_ERROR;
				CLANG_WARN_DOCUMENTATION_COMMENTS = YES;
				CLANG_WARN_EMPTY_BODY = YES;
				CLANG_WARN_ENUM_CONVERSION = YES;
				CLANG_WARN_INFINITE_RECURSION = YES;
				CLANG_WARN_INT_CONVERSION = YES;
				CLANG_WARN_OBJC_ROOT_CLASS = YES_ERROR;
				CLANG_WARN_SUSPICIOUS_MOVES = YES;
				CLANG_WARN_UNREACHABLE_CODE = YES;
				CLANG_WARN__DUPLICATE_METHOD_MATCH = YES;
				"CODE_SIGN_IDENTITY[sdk=iphoneos*]" = "iPhone Developer";
				COPY_PHASE_STRIP = NO;
				DEBUG_INFORMATION_FORMAT = "dwarf-with-dsym";
				ENABLE_NS_ASSERTIONS = NO;
				ENABLE_STRICT_OBJC_MSGSEND = YES;
				GCC_C_LANGUAGE_STANDARD = gnu99;
				GCC_NO_COMMON_BLOCKS = YES;
				GCC_WARN_64_TO_32_BIT_CONVERSION = YES;
				GCC_WARN_ABOUT_RETURN_TYPE = YES_ERROR;
				GCC_WARN_UNDECLARED_SELECTOR = YES;
				GCC_WARN_UNINITIALIZED_AUTOS = YES_AGGRESSIVE;
				GCC_WARN_UNUSED_FUNCTION = YES;
				GCC_WARN_UNUSED_VARIABLE = YES;
				IPHONEOS_DEPLOYMENT_TARGET = 10.0;
				MTL_ENABLE_DEBUG_INFO = NO;
				SDKROOT = iphoneos;
				SWIFT_OPTIMIZATION_LEVEL = "-Owholemodule";
				TARGETED_DEVICE_FAMILY = "1,2";
				VALIDATE_PRODUCT = YES;
			};
			name = Release;
		};
		75BFAA5E1DCA78EC00C1681C /* Debug */ = {
			isa = XCBuildConfiguration;
			buildSettings = {
				ASSETCATALOG_COMPILER_APPICON_NAME = AppIcon;
				INFOPLIST_FILE = FaceView/Info.plist;
				LD_RUNPATH_SEARCH_PATHS = "$(inherited) @executable_path/Frameworks";
				PRODUCT_BUNDLE_IDENTIFIER = UCLA.603974694.FaceView;
				PRODUCT_NAME = "$(TARGET_NAME)";
				SWIFT_VERSION = 3.0;
			};
			name = Debug;
		};
		75BFAA5F1DCA78EC00C1681C /* Release */ = {
			isa = XCBuildConfiguration;
			buildSettings = {
				ASSETCATALOG_COMPILER_APPICON_NAME = AppIcon;
				INFOPLIST_FILE = FaceView/Info.plist;
				LD_RUNPATH_SEARCH_PATHS = "$(inherited) @executable_path/Frameworks";
				PRODUCT_BUNDLE_IDENTIFIER = UCLA.603974694.FaceView;
				PRODUCT_NAME = "$(TARGET_NAME)";
				SWIFT_VERSION = 3.0;
			};
			name = Release;
		};
/* End XCBuildConfiguration section */

/* Begin XCConfigurationList section */
		75BFAA461DCA78EC00C1681C /* Build configuration list for PBXProject "FaceView" */ = {
			isa = XCConfigurationList;
			buildConfigurations = (
				75BFAA5B1DCA78EC00C1681C /* Debug */,
				75BFAA5C1DCA78EC00C1681C /* Release */,
			);
			defaultConfigurationIsVisible = 0;
			defaultConfigurationName = Release;
		};
		75BFAA5D1DCA78EC00C1681C /* Build configuration list for PBXNativeTarget "FaceView" */ = {
			isa = XCConfigurationList;
			buildConfigurations = (
				75BFAA5E1DCA78EC00C1681C /* Debug */,
				75BFAA5F1DCA78EC00C1681C /* Release */,
			);
			defaultConfigurationIsVisible = 0;
			defaultConfigurationName = Release;
		};
/* End XCConfigurationList section */
	};
	rootObject = 75BFAA431DCA78EC00C1681C /* Project object */;
}
